
Microsoft Visual Studio Solution File, Format Version 12.00
# Visual Studio Version 17
VisualStudioVersion = 17.0.32014.148
MinimumVisualStudioVersion = 10.0.40219.1
Project("{9A19103F-16F7-4668-BE54-9A1E7A4F7556}") = "PdfLib", "PdfLib\PdfLib.csproj", "{F5B1C08A-578D-42A1-9473-A34E1D413F6B}"
EndProject
Project("{9A19103F-16F7-4668-BE54-9A1E7A4F7556}") = "PdfLibTests", "PdfLibTests\PdfLibTests.csproj", "{39EFD802-6F7F-45D2-8EDC-5AC49A63D36B}"
EndProject
Project("{9A19103F-16F7-4668-BE54-9A1E7A4F7556}") = "PdfLib.iText7", "PdfLib.iText7\PdfLib.iText7.csproj", "{27A3119A-6933-4E0C-911F-19B78219AC1D}"
EndProject
Project("{9A19103F-16F7-4668-BE54-9A1E7A4F7556}") = "PdfLib.PDFTools", "PdfLib.PDFTools\PdfLib.PDFTools.csproj", "{A53729DE-CA34-44AF-AEA2-19C8F9895FD0}"
EndProject
Project("{FAE04EC0-301F-11D3-BF4B-00C04F79EFBC}") = "LoggingLib", "LoggingLib\LoggingLib.csproj", "{15F9F244-26DB-44B2-A35B-4F56F998800D}"
EndProject
Global
	GlobalSection(SolutionConfigurationPlatforms) = preSolution
		Debug|Any CPU = Debug|Any CPU
		Release|Any CPU = Release|Any CPU
	EndGlobalSection
	GlobalSection(ProjectConfigurationPlatforms) = postSolution
		{F5B1C08A-578D-42A1-9473-A34E1D413F6B}.Debug|Any CPU.ActiveCfg = Debug|Any CPU
		{F5B1C08A-578D-42A1-9473-A34E1D413F6B}.Debug|Any CPU.Build.0 = Debug|Any CPU
		{F5B1C08A-578D-42A1-9473-A34E1D413F6B}.Release|Any CPU.ActiveCfg = Release|Any CPU
		{F5B1C08A-578D-42A1-9473-A34E1D413F6B}.Release|Any CPU.Build.0 = Release|Any CPU
		{39EFD802-6F7F-45D2-8EDC-5AC49A63D36B}.Debug|Any CPU.ActiveCfg = Debug|Any CPU
		{39EFD802-6F7F-45D2-8EDC-5AC49A63D36B}.Debug|Any CPU.Build.0 = Debug|Any CPU
		{39EFD802-6F7F-45D2-8EDC-5AC49A63D36B}.Release|Any CPU.ActiveCfg = Release|Any CPU
		{39EFD802-6F7F-45D2-8EDC-5AC49A63D36B}.Release|Any CPU.Build.0 = Release|Any CPU
		{27A3119A-6933-4E0C-911F-19B78219AC1D}.Debug|Any CPU.ActiveCfg = Debug|Any CPU
		{27A3119A-6933-4E0C-911F-19B78219AC1D}.Debug|Any CPU.Build.0 = Debug|Any CPU
		{27A3119A-6933-4E0C-911F-19B78219AC1D}.Release|Any CPU.ActiveCfg = Release|Any CPU
		{27A3119A-6933-4E0C-911F-19B78219AC1D}.Release|Any CPU.Build.0 = Release|Any CPU
		{A53729DE-CA34-44AF-AEA2-19C8F9895FD0}.Debug|Any CPU.ActiveCfg = Debug|Any CPU
		{A53729DE-CA34-44AF-AEA2-19C8F9895FD0}.Debug|Any CPU.Build.0 = Debug|Any CPU
		{A53729DE-CA34-44AF-AEA2-19C8F9895FD0}.Release|Any CPU.ActiveCfg = Release|Any CPU
		{A53729DE-CA34-44AF-AEA2-19C8F9895FD0}.Release|Any CPU.Build.0 = Release|Any CPU
		{15F9F244-26DB-44B2-A35B-4F56F998800D}.Debug|Any CPU.ActiveCfg = Debug|Any CPU
		{15F9F244-26DB-44B2-A35B-4F56F998800D}.Debug|Any CPU.Build.0 = Debug|Any CPU
		{15F9F244-26DB-44B2-A35B-4F56F998800D}.Release|Any CPU.ActiveCfg = Release|Any CPU
		{15F9F244-26DB-44B2-A35B-4F56F998800D}.Release|Any CPU.Build.0 = Release|Any CPU
	EndGlobalSection
	GlobalSection(SolutionProperties) = preSolution
		HideSolutionNode = FALSE
	EndGlobalSection
	GlobalSection(ExtensibilityGlobals) = postSolution
		SolutionGuid = {15B43327-A890-42B3-84C1-99A3EDAB152D}
	EndGlobalSection
EndGlobal
